
Microsoft Visual Studio Solution File, Format Version 12.00
# Visual Studio Version 17
VisualStudioVersion = 17.5.33516.290
MinimumVisualStudioVersion = 10.0.40219.1
Project("{FAE04EC0-301F-11D3-BF4B-00C04F79EFBC}") = "api1", "api1\api1.csproj", "{DFA01553-2A20-409D-8245-949B42CF5A9D}"
EndProject
Global
	GlobalSection(SolutionConfigurationPlatforms) = preSolution
		Debug|Any CPU = Debug|Any CPU
		Release|Any CPU = Release|Any CPU
	EndGlobalSection
	GlobalSection(ProjectConfigurationPlatforms) = postSolution
		{DFA01553-2A20-409D-8245-949B42CF5A9D}.Debug|Any CPU.ActiveCfg = Debug|Any CPU
		{DFA01553-2A20-409D-8245-949B42CF5A9D}.Debug|Any CPU.Build.0 = Debug|Any CPU
		{DFA01553-2A20-409D-8245-949B42CF5A9D}.Release|Any CPU.ActiveCfg = Release|Any CPU
		{DFA01553-2A20-409D-8245-949B42CF5A9D}.Release|Any CPU.Build.0 = Release|Any CPU
	EndGlobalSection
	GlobalSection(SolutionProperties) = preSolution
		HideSolutionNode = FALSE
	EndGlobalSection
	GlobalSection(ExtensibilityGlobals) = postSolution
		SolutionGuid = {CB945586-5625-4B5F-BCE7-8606C711D9D7}
	EndGlobalSection
EndGlobal
